
Microsoft Visual Studio Solution File, Format Version 11.00
# Visual Studio 2010
Project("{FAE04EC0-301F-11D3-BF4B-00C04F79EFBC}") = "DigitalClock", "DigitalClock\DigitalClock.csproj", "{41627215-CFED-4BF7-BAD0-BD1C6C527BA1}"
EndProject
Global
	GlobalSection(SolutionConfigurationPlatforms) = preSolution
		Debug|x86 = Debug|x86
		Release|x86 = Release|x86
	EndGlobalSection
	GlobalSection(ProjectConfigurationPlatforms) = postSolution
		{41627215-CFED-4BF7-BAD0-BD1C6C527BA1}.Debug|x86.ActiveCfg = Debug|x86
		{41627215-CFED-4BF7-BAD0-BD1C6C527BA1}.Debug|x86.Build.0 = Debug|x86
		{41627215-CFED-4BF7-BAD0-BD1C6C527BA1}.Release|x86.ActiveCfg = Release|x86
		{41627215-CFED-4BF7-BAD0-BD1C6C527BA1}.Release|x86.Build.0 = Release|x86
	EndGlobalSection
	GlobalSection(SolutionProperties) = preSolution
		HideSolutionNode = FALSE
	EndGlobalSection
EndGlobal
